
Microsoft Visual Studio Solution File, Format Version 12.00
# Visual Studio 15
VisualStudioVersion = 15.0.26403.7
MinimumVisualStudioVersion = 10.0.40219.1
Project("{FAE04EC0-301F-11D3-BF4B-00C04F79EFBC}") = "TaskManagerASP", "TaskManagerASP\TaskManagerASP.csproj", "{E3A17309-DA5B-438A-9787-5C4B64AFEF21}"
EndProject
Project("{9A19103F-16F7-4668-BE54-9A1E7A4F7556}") = "FileDataProvider", "FileDataProvider\FileDataProvider.csproj", "{843FECBD-A8DA-4065-8A14-E13656BDF34F}"
EndProject
Project("{9A19103F-16F7-4668-BE54-9A1E7A4F7556}") = "UnitTests", "UnitTests\UnitTests.csproj", "{C268CD0B-E6AA-495D-A7AD-8AA619902AB6}"
EndProject
Project("{FAE04EC0-301F-11D3-BF4B-00C04F79EFBC}") = "DbDataProvider", "DbDataProvider\DbDataProvider.csproj", "{6E544726-CE15-42F1-BC7A-241D7AC99500}"
EndProject
Global
	GlobalSection(SolutionConfigurationPlatforms) = preSolution
		Debug|Any CPU = Debug|Any CPU
		Release|Any CPU = Release|Any CPU
	EndGlobalSection
	GlobalSection(ProjectConfigurationPlatforms) = postSolution
		{E3A17309-DA5B-438A-9787-5C4B64AFEF21}.Debug|Any CPU.ActiveCfg = Debug|Any CPU
		{E3A17309-DA5B-438A-9787-5C4B64AFEF21}.Debug|Any CPU.Build.0 = Debug|Any CPU
		{E3A17309-DA5B-438A-9787-5C4B64AFEF21}.Release|Any CPU.ActiveCfg = Release|Any CPU
		{E3A17309-DA5B-438A-9787-5C4B64AFEF21}.Release|Any CPU.Build.0 = Release|Any CPU
		{843FECBD-A8DA-4065-8A14-E13656BDF34F}.Debug|Any CPU.ActiveCfg = Debug|Any CPU
		{843FECBD-A8DA-4065-8A14-E13656BDF34F}.Debug|Any CPU.Build.0 = Debug|Any CPU
		{843FECBD-A8DA-4065-8A14-E13656BDF34F}.Release|Any CPU.ActiveCfg = Release|Any CPU
		{843FECBD-A8DA-4065-8A14-E13656BDF34F}.Release|Any CPU.Build.0 = Release|Any CPU
		{C268CD0B-E6AA-495D-A7AD-8AA619902AB6}.Debug|Any CPU.ActiveCfg = Debug|Any CPU
		{C268CD0B-E6AA-495D-A7AD-8AA619902AB6}.Debug|Any CPU.Build.0 = Debug|Any CPU
		{C268CD0B-E6AA-495D-A7AD-8AA619902AB6}.Release|Any CPU.ActiveCfg = Release|Any CPU
		{C268CD0B-E6AA-495D-A7AD-8AA619902AB6}.Release|Any CPU.Build.0 = Release|Any CPU
		{6E544726-CE15-42F1-BC7A-241D7AC99500}.Debug|Any CPU.ActiveCfg = Debug|Any CPU
		{6E544726-CE15-42F1-BC7A-241D7AC99500}.Debug|Any CPU.Build.0 = Debug|Any CPU
		{6E544726-CE15-42F1-BC7A-241D7AC99500}.Release|Any CPU.ActiveCfg = Release|Any CPU
		{6E544726-CE15-42F1-BC7A-241D7AC99500}.Release|Any CPU.Build.0 = Release|Any CPU
	EndGlobalSection
	GlobalSection(SolutionProperties) = preSolution
		HideSolutionNode = FALSE
	EndGlobalSection
EndGlobal
